
Microsoft Visual Studio Solution File, Format Version 12.00
# Visual Studio Version 17
VisualStudioVersion = 17.10.35027.167
MinimumVisualStudioVersion = 10.0.40219.1
Project("{FAE04EC0-301F-11D3-BF4B-00C04F79EFBC}") = "DPM225498_Pattern23_Visitor", "DPM225498_Pattern23_Visitor\DPM225498_Pattern23_Visitor.csproj", "{AC00B557-7573-4902-B9E5-171341210B98}"
EndProject
Global
	GlobalSection(SolutionConfigurationPlatforms) = preSolution
		Debug|Any CPU = Debug|Any CPU
		Release|Any CPU = Release|Any CPU
	EndGlobalSection
	GlobalSection(ProjectConfigurationPlatforms) = postSolution
		{AC00B557-7573-4902-B9E5-171341210B98}.Debug|Any CPU.ActiveCfg = Debug|Any CPU
		{AC00B557-7573-4902-B9E5-171341210B98}.Debug|Any CPU.Build.0 = Debug|Any CPU
		{AC00B557-7573-4902-B9E5-171341210B98}.Release|Any CPU.ActiveCfg = Release|Any CPU
		{AC00B557-7573-4902-B9E5-171341210B98}.Release|Any CPU.Build.0 = Release|Any CPU
	EndGlobalSection
	GlobalSection(SolutionProperties) = preSolution
		HideSolutionNode = FALSE
	EndGlobalSection
	GlobalSection(ExtensibilityGlobals) = postSolution
		SolutionGuid = {8F81002A-5A40-4730-A27D-8FFA8299DFEE}
	EndGlobalSection
EndGlobal
